# This file was autogenerated by Stack.
# You should not edit this file by hand.
# For more information, please see the documentation at:
#   https://docs.haskellstack.org/en/stable/lock_files

packages:
- completed:
    hackage: charsetdetect-1.1.0.2@sha256:f5aa040983c784611f8a486a0fcda3ec13005eff6f0515c4ab4aa323f6199cd8,8273
    pantry-tree:
      size: 7322
      sha256: d7351773f7f715279416a9f0c84cc44dc1aeae996d29130a6b86ae776dbfb279
  original:
    hackage: charsetdetect-1.1.0.2@sha256:f5aa040983c784611f8a486a0fcda3ec13005eff6f0515c4ab4aa323f6199cd8,8273
snapshots:
- completed:
    size: 616346
    url: https://raw.githubusercontent.com/commercialhaskell/stackage-snapshots/master/nightly/2022/7/7.yaml
    sha256: f749167ba2a9ff2fcd0434bbd76a17a277572e90798617bc024d40a5324ce2af
  original: nightly-2022-07-07
