# This file was autogenerated by Stack.
# You should not edit this file by hand.
# For more information, please see the documentation at:
#   https://docs.haskellstack.org/en/stable/lock_files

packages:
- completed:
    hackage: case-insensitive-1.2.1.0@sha256:9dfd3171fc7698cf8d931727d3af3a7b389135b583e46b5adac1f9d2026fff61,2244
    pantry-tree:
      size: 688
      sha256: d6f175b17eacce002fc5336c17e119d989bd97f8ad9702446163c9e27c7c79b7
  original:
    hackage: case-insensitive-1.2.1.0@sha256:9dfd3171fc7698cf8d931727d3af3a7b389135b583e46b5adac1f9d2026fff61,2244
- completed:
    hackage: githash-0.1.6.2@sha256:9a136fa54b3e71e7a90d9dcb62259ffe6d55d083556ab2f15027dd4a4109d41d,1527
    pantry-tree:
      size: 617
      sha256: e24580786048e91643331b62b4113ed35b90a79e66e796a31c1770430878543a
  original:
    hackage: githash-0.1.6.2@sha256:9a136fa54b3e71e7a90d9dcb62259ffe6d55d083556ab2f15027dd4a4109d41d,1527
- completed:
    hackage: hashable-1.4.0.2@sha256:0cddd0229d1aac305ea0404409c0bbfab81f075817bd74b8b2929eff58333e55,5005
    pantry-tree:
      size: 1248
      sha256: 51dda0aa70849588d074125f324beba1c8736cfa486e7f4a90a798b1d0e6019d
  original:
    hackage: hashable-1.4.0.2@sha256:0cddd0229d1aac305ea0404409c0bbfab81f075817bd74b8b2929eff58333e55,5005
- completed:
    hackage: microlens-0.4.13.0@sha256:40794f266977558e1138ac034701fa3ff66518bc4ca6a1fba5c575d4157cf0ba,4573
    pantry-tree:
      size: 461
      sha256: 7e3c2e67a573a4ba4bd8ebff631b7a6e0e2d81fb785b9e9fcd6bd02f18743ac3
  original:
    hackage: microlens-0.4.13.0@sha256:40794f266977558e1138ac034701fa3ff66518bc4ca6a1fba5c575d4157cf0ba,4573
- completed:
    hackage: microlens-mtl-0.2.0.2@sha256:ab8f264c6fecd763818c2e73740487ac371a4fd92cc32031c1c9de284a10518e,1875
    pantry-tree:
      size: 344
      sha256: 672cebfcd8f371f2841f269c4c0a35a2c1de4c6e24ebb00cdfe5b2651fcc795b
  original:
    hackage: microlens-mtl-0.2.0.2@sha256:ab8f264c6fecd763818c2e73740487ac371a4fd92cc32031c1c9de284a10518e,1875
- completed:
    hackage: optparse-applicative-0.17.0.0@sha256:0713e54cbb341e5cae979e2ac441eb3a5ff42e303001f432bd58c19e5638bdda,4967
    pantry-tree:
      size: 3124
      sha256: 3b4398845ee6718fe2303870a5ab75bd190eb712fed2f22caaae30f790c490fd
  original:
    hackage: optparse-applicative-0.17.0.0@sha256:0713e54cbb341e5cae979e2ac441eb3a5ff42e303001f432bd58c19e5638bdda,4967
- completed:
    hackage: parser-combinators-1.3.0@sha256:edd54ba56cbae8fadbcceebcfef31b2c70a835e92e5eda41151b939c40647281,1570
    pantry-tree:
      size: 795
      sha256: 0754c8d3f213156877f8085da2ad74433167a6c30272b8b64119a2628bd7ade0
  original:
    hackage: parser-combinators-1.3.0@sha256:edd54ba56cbae8fadbcceebcfef31b2c70a835e92e5eda41151b939c40647281,1570
- completed:
    hackage: primitive-0.7.4.0@sha256:89b88a3e08493b7727fa4089b0692bfbdf7e1e666ef54635f458644eb8358764,2857
    pantry-tree:
      size: 1655
      sha256: 71a850c658b70e869da19f61615d87d9d6ecec597f0e3d4b498da56559114829
  original:
    hackage: primitive-0.7.4.0@sha256:89b88a3e08493b7727fa4089b0692bfbdf7e1e666ef54635f458644eb8358764,2857
- completed:
    hackage: scientific-0.3.7.0@sha256:76465a82beb2af6ea83ebd00684acc0ffe659e7da7066329931dc8f02fc97507,4826
    pantry-tree:
      size: 657
      sha256: 2e5436cd8a2d2fa045aadc7619aa06cf18f4f77d01b70d8c517213b718b69a2b
  original:
    hackage: scientific-0.3.7.0@sha256:76465a82beb2af6ea83ebd00684acc0ffe659e7da7066329931dc8f02fc97507,4826
- completed:
    hackage: th-compat-0.1.3@sha256:f65819f74c6ced42b24d9e5053165508c4b6a18271c8e3229dc93b1dc8f7a5ab,2972
    pantry-tree:
      size: 530
      sha256: 6ee0f5fcaec541de64e7cf021a34339e8eb025c502ec5ba73cba12fa5d64c541
  original:
    hackage: th-compat-0.1.3@sha256:f65819f74c6ced42b24d9e5053165508c4b6a18271c8e3229dc93b1dc8f7a5ab,2972
- completed:
    hackage: typed-process-0.2.10.1@sha256:cc35b76f2ce32c708cb2f68a1c4f661a8138196d958e34a2f214208333a73f46,2070
    pantry-tree:
      size: 529
      sha256: b3d6511483d5c869fdfb7220dc13b205730502162a1f6bdca9307a676f3fcb8c
  original:
    hackage: typed-process-0.2.10.1@sha256:cc35b76f2ce32c708cb2f68a1c4f661a8138196d958e34a2f214208333a73f46,2070
- completed:
    hackage: unliftio-0.2.22.0@sha256:2a3f0298a293c48eddd10c25cbbd6206b6e745cee2e648e48e16531a3ef21ce8,3314
    pantry-tree:
      size: 2423
      sha256: bac61d98c6852bb5f80eabb0a82369f3b2760b965f66fd52738b1e22b1362798
  original:
    hackage: unliftio-0.2.22.0@sha256:2a3f0298a293c48eddd10c25cbbd6206b6e745cee2e648e48e16531a3ef21ce8,3314
- completed:
    hackage: unliftio-core-0.2.0.1@sha256:f9abcdd3f3d28e4840563efb7b8760d2de9b5707bcd6f53a87f6a0d77bb5a9f7,1082
    pantry-tree:
      size: 328
      sha256: 9955bc1336dd07c94928892f1a97aed6e5fe63a4242f089a0efd2e95174490ea
  original:
    hackage: unliftio-core-0.2.0.1@sha256:f9abcdd3f3d28e4840563efb7b8760d2de9b5707bcd6f53a87f6a0d77bb5a9f7,1082
- completed:
    hackage: unordered-containers-0.2.19.1@sha256:7d43e557b32a30eeac22e68b8430384bf829b0b2313761026a7f103395b047d5,3638
    pantry-tree:
      size: 1517
      sha256: 1870de393820b94af9efb8fcdd31940543569cdcd3d13296bc224438b2b107d8
  original:
    hackage: unordered-containers-0.2.19.1@sha256:7d43e557b32a30eeac22e68b8430384bf829b0b2313761026a7f103395b047d5,3638
- completed:
    hackage: vector-0.13.0.0@sha256:ec337a1371bc306658e8338612e975f37a3f7700716441608b7afb66ae356d4c,8774
    pantry-tree:
      size: 4092
      sha256: 61263e71050e1c895bb67e4c0f05497419818e8e79b8bff9e3eabf17759e3232
  original:
    hackage: vector-0.13.0.0@sha256:ec337a1371bc306658e8338612e975f37a3f7700716441608b7afb66ae356d4c,8774
- completed:
    hackage: charsetdetect-1.1.0.2@sha256:f5aa040983c784611f8a486a0fcda3ec13005eff6f0515c4ab4aa323f6199cd8,8273
    pantry-tree:
      size: 7322
      sha256: d7351773f7f715279416a9f0c84cc44dc1aeae996d29130a6b86ae776dbfb279
  original:
    hackage: charsetdetect-1.1.0.2@sha256:f5aa040983c784611f8a486a0fcda3ec13005eff6f0515c4ab4aa323f6199cd8,8273
- completed:
    hackage: megaparsec-9.2.1@sha256:0b709575e3440a7bc07ef3f57ada765c1808151d56103d9fe42f6faa9763fe2e,3220
    pantry-tree:
      size: 1518
      sha256: 5ed212b347221e94e502a123d04e4aaf926e58b3476f76f149f1eb01885cecce
  original:
    hackage: megaparsec-9.2.1@sha256:0b709575e3440a7bc07ef3f57ada765c1808151d56103d9fe42f6faa9763fe2e,3220
- completed:
    hackage: optparse-simple-0.1.1.4@sha256:833326c18a91f7d09e94167b39936835c772b40edf31ee6368da1ced7e1a2e8d,1851
    pantry-tree:
      size: 443
      sha256: 7c44a882637c994fc6358d98c26161857c64bcb0133f78e3869d8ebaae20f5b9
  original:
    hackage: optparse-simple-0.1.1.4@sha256:833326c18a91f7d09e94167b39936835c772b40edf31ee6368da1ced7e1a2e8d,1851
- completed:
    hackage: rio-0.1.22.0@sha256:95fc3725a638bb7d6e11be7a2cf8d601097ebc8cb992661b211a6e36ed1da726,3669
    pantry-tree:
      size: 4802
      sha256: 02b0cdf9cf7901434c248c2e35a219ebc3c411d46729ba491d0e8fbd5042ced9
  original:
    hackage: rio-0.1.22.0@sha256:95fc3725a638bb7d6e11be7a2cf8d601097ebc8cb992661b211a6e36ed1da726,3669
- completed:
    hackage: ansi-wl-pprint-0.6.9@sha256:212144ea0623b1170807a4162db05d87f26cf10b334aeadd0edb377aba06a1ce,2425
    pantry-tree:
      size: 472
      sha256: 0a2390ba39c3b84f68e382cb25b58cea66d61a89dab818bb5e2a6c12642e2e21
  original:
    hackage: ansi-wl-pprint-0.6.9@sha256:212144ea0623b1170807a4162db05d87f26cf10b334aeadd0edb377aba06a1ce,2425
- completed:
    hackage: async-2.2.4@sha256:b83dec34a53520de84c6dd3dc7aae45d22409b46eb471c478b98108215a370f0,3095
    pantry-tree:
      size: 501
      sha256: 08b8a9f8d2e27d51b04fb9c14f65e1209c7f24160d2a4557963900edb2c0f07d
  original:
    hackage: async-2.2.4@sha256:b83dec34a53520de84c6dd3dc7aae45d22409b46eb471c478b98108215a370f0,3095
- completed:
    hackage: integer-logarithms-1.0.3.1@sha256:b65e11ec6f4b29c5278716da0544b951a49ab5310608df0fc41eec29f15691d9,3229
    pantry-tree:
      size: 865
      sha256: 804c8c0d77470f84640ee70c66155f770798e295c0a0572e41d071f69e24ca4e
  original:
    hackage: integer-logarithms-1.0.3.1@sha256:b65e11ec6f4b29c5278716da0544b951a49ab5310608df0fc41eec29f15691d9,3229
- completed:
    hackage: transformers-compat-0.7.2@sha256:044fb9955f63ee138fcebedfdcbe54afe741f2d5892a2d0bdf3a8052bd342643,5601
    pantry-tree:
      size: 1724
      sha256: f49610c6a2faf82111e5d4222576f4afbcfa904bf56665232c5aa077dfc7578f
  original:
    hackage: transformers-compat-0.7.2@sha256:044fb9955f63ee138fcebedfdcbe54afe741f2d5892a2d0bdf3a8052bd342643,5601
- completed:
    hackage: vector-stream-0.1.0.0@sha256:5500b39bd69ba5384638db0b451c8eaf40ef52544355741bd73436b0da9ec3a8,1336
    pantry-tree:
      size: 325
      sha256: 99de0751367cf53df872999edfb9e3c24207cf946442ccccf7487d74c7f12c1d
  original:
    hackage: vector-stream-0.1.0.0@sha256:5500b39bd69ba5384638db0b451c8eaf40ef52544355741bd73436b0da9ec3a8,1336
- completed:
    hackage: ansi-terminal-0.11.3@sha256:cc499d5f4c09a7213cd752ee69dbb5a5b8f3d1c777274e609eea4bca5c68ac8c,3321
    pantry-tree:
      size: 1461
      sha256: 71d732f3f95c8ddcebaa7645ff743dd91e680b5b5063e8707ef53d2eaf94c94e
  original:
    hackage: ansi-terminal-0.11.3@sha256:cc499d5f4c09a7213cd752ee69dbb5a5b8f3d1c777274e609eea4bca5c68ac8c,3321
- completed:
    hackage: colour-2.3.6@sha256:ebdcbf15023958838a527e381ab3c3b1e99ed12d1b25efeb7feaa4ad8c37664a,2378
    pantry-tree:
      size: 1183
      sha256: 03f8e22f364deb86098dbfbe0bf83c896437b2355f139abdac0402658fb6ac7e
  original:
    hackage: colour-2.3.6@sha256:ebdcbf15023958838a527e381ab3c3b1e99ed12d1b25efeb7feaa4ad8c37664a,2378
snapshots: []
